
Microsoft Visual Studio Solution File, Format Version 12.00
# Visual Studio Version 16
VisualStudioVersion = 16.0.31515.178
MinimumVisualStudioVersion = 10.0.40219.1
Project("{FAE04EC0-301F-11D3-BF4B-00C04F79EFBC}") = "GorevAta", "GorevAta.csproj", "{0BC45472-409A-45C4-A5EB-E6E2DDEF3282}"
EndProject
Global
	GlobalSection(SolutionConfigurationPlatforms) = preSolution
		Debug|Any CPU = Debug|Any CPU
		Release|Any CPU = Release|Any CPU
	EndGlobalSection
	GlobalSection(ProjectConfigurationPlatforms) = postSolution
		{0BC45472-409A-45C4-A5EB-E6E2DDEF3282}.Debug|Any CPU.ActiveCfg = Debug|Any CPU
		{0BC45472-409A-45C4-A5EB-E6E2DDEF3282}.Debug|Any CPU.Build.0 = Debug|Any CPU
		{0BC45472-409A-45C4-A5EB-E6E2DDEF3282}.Release|Any CPU.ActiveCfg = Release|Any CPU
		{0BC45472-409A-45C4-A5EB-E6E2DDEF3282}.Release|Any CPU.Build.0 = Release|Any CPU
	EndGlobalSection
	GlobalSection(SolutionProperties) = preSolution
		HideSolutionNode = FALSE
	EndGlobalSection
	GlobalSection(ExtensibilityGlobals) = postSolution
		SolutionGuid = {B90D5804-A4C6-4DE4-B225-5E22361A620B}
	EndGlobalSection
EndGlobal
